# THIS IS AN AUTOGENERATED FILE. DO NOT EDIT THIS FILE DIRECTLY.
# yarn lockfile v1


"@types/bootstrap@3.3.28":
  version "3.3.28"
  resolved "https://registry.yarnpkg.com/@types/bootstrap/-/bootstrap-3.3.28.tgz#5c8fb67b30944d202a5ec949a92fa08290bb974b"
  integrity sha1-XI+2ezCUTSAqXslJqS+ggpC7l0s=
  dependencies:
    "@types/jquery" "1.10.*"

"@types/jquery@1.10.*":
  version "1.10.35"
  resolved "https://registry.yarnpkg.com/@types/jquery/-/jquery-1.10.35.tgz#4e5c2b1e5b3bf0b863efb8c5e70081f52e6c9518"
  integrity sha512-SVtqEcudm7yjkTwoRA1gC6CNMhGDdMx4Pg8BPdiqI7bXXdCn1BPmtxgeWYQOgDxrq53/5YTlhq5ULxBEAlWIBg==

"@types/jquery@3.3.29":
  version "3.3.29"
  resolved "https://registry.yarnpkg.com/@types/jquery/-/jquery-3.3.29.tgz#680a2219ce3c9250483722fccf5570d1e2d08abd"
  integrity sha512-FhJvBninYD36v3k6c+bVk1DSZwh7B5Dpb/Pyk3HKVsiohn0nhbefZZ+3JXbWQhFyt0MxSl2jRDdGQPHeOHFXrQ==
  dependencies:
    "@types/sizzle" "*"

"@types/moment@2.13.0":
  version "2.13.0"
  resolved "https://registry.yarnpkg.com/@types/moment/-/moment-2.13.0.tgz#604ebd189bc3bc34a1548689404e61a2a4aac896"
  integrity sha1-YE69GJvDvDShVIaJQE5hoqSqyJY=
  dependencies:
    moment "*"

"@types/node@*":
  version "10.12.19"
  resolved "https://registry.yarnpkg.com/@types/node/-/node-10.12.19.tgz#ca1018c26be01f07e66ac7fefbeb6407e4490c61"
  integrity sha512-2NVovndCjJQj6fUUn9jCgpP4WSqr+u1SoUZMZyJkhGeBFsm6dE46l31S7lPUYt9uQ28XI+ibrJA1f5XyH5HNtA==

"@types/prop-types@*":
  version "15.5.8"
  resolved "https://registry.yarnpkg.com/@types/prop-types/-/prop-types-15.5.8.tgz#8ae4e0ea205fe95c3901a5a1df7f66495e3a56ce"
  integrity sha512-3AQoUxQcQtLHsK25wtTWIoIpgYjH3vSDroZOUr7PpCHw/jLY1RB9z9E8dBT/OSmwStVgkRNvdh+ZHNiomRieaw==

"@types/react-dom@16.0.10":
  version "16.0.10"
  resolved "https://registry.yarnpkg.com/@types/react-dom/-/react-dom-16.0.10.tgz#0c8980a639fa1d92a8547c8b6d0cf47af96c8966"
  integrity sha512-CsUWfZBpj7SGBX/05bnvnsOUx+Uo6n7DoRVP7vYB5NWsanjHi60NWGZac8DstuXhdc7rasxI/j4D3hxgNSWlzg==
  dependencies:
    "@types/node" "*"
    "@types/react" "*"

"@types/react@*":
  version "16.7.22"
  resolved "https://registry.yarnpkg.com/@types/react/-/react-16.7.22.tgz#5bc6d166d5ac34b835756f0b736c7b1af0043e81"
  integrity sha512-j/3tVoY09kHcTfbia4l67ofQn9xvktUvlC/4QN0KuBHAXlbU/wuGKMb8WfEb/vIcWxsOxHv559uYprkFDFfP8Q==
  dependencies:
    "@types/prop-types" "*"
    csstype "^2.2.0"

"@types/sizzle@*":
  version "2.3.2"
  resolved "https://registry.yarnpkg.com/@types/sizzle/-/sizzle-2.3.2.tgz#a811b8c18e2babab7d542b3365887ae2e4d9de47"
  integrity sha512-7EJYyKTL7tFR8+gDbB6Wwz/arpGa0Mywk1TJbNzKzHtzbwVmY4HR9WqS5VV7dsBUKQmPNr192jHr/VpBluj/hg==

csstype@^2.2.0:
  version "2.6.1"
  resolved "https://registry.yarnpkg.com/csstype/-/csstype-2.6.1.tgz#4cfbf637a577497036ebcd7e32647ef19a0b8076"
  integrity sha512-wv7IRqCGsL7WGKB8gPvrl+++HlFM9kxAM6jL1EXNPNTshEJYilMkbfS2SnuHha77uosp/YVK0wAp2jmlBzn1tg==

moment@*:
  version "2.24.0"
  resolved "https://registry.yarnpkg.com/moment/-/moment-2.24.0.tgz#0d055d53f5052aa653c9f6eb68bb5d12bf5c2b5b"
  integrity sha512-bV7f+6l2QigeBBZSM/6yTNq4P2fNpSWj/0e7jQcy87A8e7o2nAfP/34/2ky5Vw4B9S446EtIhodAzkFCcR4dQg==
