hash: 986c7639d7ddc86bce28244f2178d70e86937ba8cf1abdd6056443aa8e62a444
updated: 2018-03-19T11:18:30.524847088Z
imports:
- name: github.com/aws/aws-sdk-go
  version: 12fe7d35f8ad5f7f2715d414624b0723737de1f7
  subpackages:
  - aws
  - aws/awserr
  - aws/awsutil
  - aws/client
  - aws/client/metadata
  - aws/corehandlers
  - aws/credentials
  - aws/credentials/ec2rolecreds
  - aws/credentials/endpointcreds
  - aws/credentials/stscreds
  - aws/defaults
  - aws/ec2metadata
  - aws/endpoints
  - aws/request
  - aws/session
  - aws/signer/v4
  - internal/sdkio
  - internal/sdkrand
  - internal/shareddefaults
  - private/protocol
  - private/protocol/query
  - private/protocol/query/queryutil
  - private/protocol/rest
  - private/protocol/restxml
  - private/protocol/xml/xmlutil
  - service/s3
  - service/sts
- name: github.com/boombuler/barcode
  version: 56ef0af91246fb5279df4f87bc3daf1bf7cb9e89
  subpackages:
  - qr
  - utils
- name: github.com/go-ini/ini
  version: 6ecc596bd756a16c6e93e4ef9225ecdb9f54ed2c
- name: github.com/gorilla/context
  version: 08b5f424b9271eedf6f9f0ce86cb9396ed337a42
- name: github.com/gorilla/mux
  version: ac112f7d75a0714af1bd86ab17749b31f7809640
- name: github.com/jmespath/go-jmespath
  version: c2b33e8439af944379acbdd9c3a5fe0bc44bd8a5
- name: github.com/mattetti/filebuffer
  version: 3a1e8e5a6548ea21cce597660d0c0dcc8c77a520
- name: github.com/pquerna/otp
  version: 9e1935374bc73ffe011187dafed51a412b90fe43
  subpackages:
  - hotp
  - totp
- name: github.com/tobischo/gokeepasslib
  version: 2c5c862670c1c5117739022c7b4ff231b3915bef
- name: golang.org/x/crypto
  version: 6914964337150723782436d56b3f21610a74ce7b
  subpackages:
  - curve25519
  - ed25519
  - ed25519/internal/edwards25519
  - nacl/secretbox
  - pbkdf2
  - poly1305
  - salsa20/salsa
  - ssh
  - ssh/agent
testImports:
- name: github.com/function61/eventhorizon
  version: 80d6429f334b3fb0040bfd07633e473c8adbde21
  subpackages:
  - util/ass
